<?xml version="1.0" encoding="utf-8"?>
<Project ToolsVersion="4.0" xmlns="http://schemas.microsoft.com/developer/msbuild/2003">
  <ItemGroup>
    <Filter Include="Core">
      <UniqueIdentifier>{8d77ac80-c255-418f-8c3e-06569a2c5dfc}</UniqueIdentifier>
    </Filter>
    <Filter Include="0. Player">
      <UniqueIdentifier>{303e1108-7ab1-4371-9aaa-464f75f69743}</UniqueIdentifier>
    </Filter>
    <Filter Include="2. Level">
      <UniqueIdentifier>{c65502e2-f0b1-44bb-b6d8-55257fcad413}</UniqueIdentifier>
    </Filter>
    <Filter Include="2. Level\0. TitleLevel">
      <UniqueIdentifier>{bdf06483-65f9-421f-b9ce-c1f2eea53612}</UniqueIdentifier>
    </Filter>
    <Filter Include="2. Level\0. TitleLevel\Actor">
      <UniqueIdentifier>{6cca5fec-8768-4bb5-b4c6-002f4f8625d8}</UniqueIdentifier>
    </Filter>
    <Filter Include="2. Level\1. TutorialLevel">
      <UniqueIdentifier>{ab2603f4-b49f-4cce-bbee-1f484ffb3e1b}</UniqueIdentifier>
    </Filter>
    <Filter Include="2. Level\1. TutorialLevel\Actor">
      <UniqueIdentifier>{23378bf3-ee2f-42ae-9c85-d7d649d31738}</UniqueIdentifier>
    </Filter>
    <Filter Include="2. Level\2. MapLevel">
      <UniqueIdentifier>{eb8e903a-114a-4e5f-9718-0cc29052aa04}</UniqueIdentifier>
    </Filter>
    <Filter Include="2. Level\2. MapLevel\0. Exterior Level">
      <UniqueIdentifier>{3fc26597-d68c-41ee-99cf-0110f105e3ac}</UniqueIdentifier>
    </Filter>
    <Filter Include="2. Level\2. MapLevel\1. Interior Level">
      <UniqueIdentifier>{9aa64607-bb92-499d-8ea4-58531c624887}</UniqueIdentifier>
    </Filter>
    <Filter Include="2. Level\2. MapLevel\2. Map">
      <UniqueIdentifier>{6c3a7b1f-92b9-4c62-aa47-73f55803e559}</UniqueIdentifier>
    </Filter>
    <Filter Include="2. Level\2. MapLevel\3. Actor">
      <UniqueIdentifier>{3b88d292-f9a2-4d41-863e-4b9d2397e54a}</UniqueIdentifier>
    </Filter>
    <Filter Include="2. Level\2. MapLevel\4. Tile">
      <UniqueIdentifier>{2e631f4d-269c-44a0-8975-de30505b0590}</UniqueIdentifier>
    </Filter>
    <Filter Include="2. Level\3. PokemonUILevel">
      <UniqueIdentifier>{4d6642c5-eaf8-48c7-88cc-115fe2b883fd}</UniqueIdentifier>
    </Filter>
    <Filter Include="3. Util">
      <UniqueIdentifier>{363b44f9-6ba5-4290-afb2-239aea3b0006}</UniqueIdentifier>
    </Filter>
    <Filter Include="4. Event">
      <UniqueIdentifier>{b9f8bc97-2c8d-41ff-9bd0-27e6a7174106}</UniqueIdentifier>
    </Filter>
    <Filter Include="5. UI">
      <UniqueIdentifier>{3dd8a652-4bdb-4aa3-8532-0c7042e63c4c}</UniqueIdentifier>
    </Filter>
    <Filter Include="5. UI\Element">
      <UniqueIdentifier>{677805ca-4377-4cce-a9e1-846959bd5647}</UniqueIdentifier>
    </Filter>
    <Filter Include="6. Data">
      <UniqueIdentifier>{53b6b7a6-4c1e-40a5-a2dd-7329c5a17555}</UniqueIdentifier>
    </Filter>
    <Filter Include="6. Data\Pokemon">
      <UniqueIdentifier>{c8a233f3-17a7-4d3f-a007-59e257088024}</UniqueIdentifier>
    </Filter>
    <Filter Include="7. Sound">
      <UniqueIdentifier>{134a8738-739c-45a2-bbf1-7006446013ed}</UniqueIdentifier>
    </Filter>
    <Filter Include="2. Level\4. PokemonUISummaryLevel">
      <UniqueIdentifier>{29fdf0d7-262d-4e47-913c-54d49556092d}</UniqueIdentifier>
    </Filter>
    <Filter Include="2. Level\5. TrainerCardUILevel">
      <UniqueIdentifier>{76b99926-9a09-4cd1-9ce3-494305579f9f}</UniqueIdentifier>
    </Filter>
    <Filter Include="2. Level\6. BagUILevel">
      <UniqueIdentifier>{f6f386fd-7840-4b40-a1ac-fb2df2c32aae}</UniqueIdentifier>
    </Filter>
    <Filter Include="5. UI\MapLevelCanvas">
      <UniqueIdentifier>{d71a5ab4-ae77-40de-bd65-1c7df6b2d98d}</UniqueIdentifier>
    </Filter>
    <Filter Include="2. Level\7. BattleLevel">
      <UniqueIdentifier>{b0506102-f58f-4ae7-983f-b06abe5ca310}</UniqueIdentifier>
    </Filter>
    <Filter Include="2. Level\7. BattleLevel\StateMachine">
      <UniqueIdentifier>{7d5a13c4-242f-4e21-bce9-c95ba6043d57}</UniqueIdentifier>
    </Filter>
    <Filter Include="2. Level\7. BattleLevel\StateMachine\1. PrepareTurn">
      <UniqueIdentifier>{8b88c7d6-c5f8-4bf4-9988-c61a87947d7e}</UniqueIdentifier>
    </Filter>
    <Filter Include="2. Level\7. BattleLevel\StateMachine\0. BattleStart">
      <UniqueIdentifier>{4f4c4637-cac7-4415-9439-d7103a0c8213}</UniqueIdentifier>
    </Filter>
    <Filter Include="2. Level\7. BattleLevel\StateMachine\2. PlayerActionSelect">
      <UniqueIdentifier>{a644fabf-da96-4587-a257-7899ff60d50b}</UniqueIdentifier>
    </Filter>
    <Filter Include="2. Level\7. BattleLevel\StateMachine\3. Turn">
      <UniqueIdentifier>{875180b0-0b0a-4353-8e3b-495c1dd12741}</UniqueIdentifier>
    </Filter>
    <Filter Include="2. Level\7. BattleLevel\StateMachine\3. Turn\0. Action">
      <UniqueIdentifier>{297cdc7b-0363-40d5-bc1a-d6d987ec6d5b}</UniqueIdentifier>
    </Filter>
    <Filter Include="2. Level\7. BattleLevel\StateMachine\3. Turn\1. EOT">
      <UniqueIdentifier>{f26aefbc-2f92-4fa2-8030-5cae541ed756}</UniqueIdentifier>
    </Filter>
    <Filter Include="2. Level\7. BattleLevel\StateMachine\3. Turn\2. Faint">
      <UniqueIdentifier>{80e5d9cd-8924-445e-bdcc-78a754d24d38}</UniqueIdentifier>
    </Filter>
    <Filter Include="2. Level\7. BattleLevel\StateMachine\4. FinishBattle">
      <UniqueIdentifier>{3d5b4468-dc31-46a3-88d1-65c438b419c5}</UniqueIdentifier>
    </Filter>
    <Filter Include="2. Level\7. BattleLevel\StateMachine\Common">
      <UniqueIdentifier>{47fcf1c9-eb51-469f-8bb7-3de795ce40dc}</UniqueIdentifier>
    </Filter>
    <Filter Include="2. Level\7. BattleLevel\Calculator">
      <UniqueIdentifier>{d7776502-6556-41a2-b549-5085b19c510e}</UniqueIdentifier>
    </Filter>
    <Filter Include="6. Data\Item">
      <UniqueIdentifier>{984afb4b-b7a5-45d3-8667-08814a15e515}</UniqueIdentifier>
    </Filter>
    <Filter Include="6. Data\Pokemon\Object">
      <UniqueIdentifier>{eced8de5-9ab0-456a-abb7-bf3bcec28c58}</UniqueIdentifier>
    </Filter>
    <Filter Include="1. CommonTrigger">
      <UniqueIdentifier>{5afc955f-9fe3-4a6d-bd92-3b7ac4681b20}</UniqueIdentifier>
    </Filter>
    <Filter Include="2. Level\2. MapLevel\1. Interior Level\2. Pewter City">
      <UniqueIdentifier>{da2cf7eb-72f2-4a5e-96ac-db35b135777e}</UniqueIdentifier>
    </Filter>
    <Filter Include="2. Level\2. MapLevel\1. Interior Level\1. Pallet Town">
      <UniqueIdentifier>{48cb9f31-6539-44eb-affc-22366e8ab5b8}</UniqueIdentifier>
    </Filter>
    <Filter Include="2. Level\2. MapLevel\1. Interior Level\0. Common">
      <UniqueIdentifier>{f0a210b5-dfdf-4df5-85dc-173531d08fdf}</UniqueIdentifier>
    </Filter>
    <Filter Include="2. Level\7. BattleLevel\Animator">
      <UniqueIdentifier>{33b5b5ef-8583-42df-b34d-0704aa1d62c2}</UniqueIdentifier>
    </Filter>
    <Filter Include="2. Level\7. BattleLevel\Animator\MoveAnimator">
      <UniqueIdentifier>{1b949482-60c0-43a0-a427-94b2cf10db8d}</UniqueIdentifier>
    </Filter>
    <Filter Include="2. Level\7. BattleLevel\Animator\StatStageAnimator">
      <UniqueIdentifier>{5feb6ced-8108-42d0-8ce0-b5137e103fbe}</UniqueIdentifier>
    </Filter>
    <Filter Include="2. Level\7. BattleLevel\Animator\StatusAnimator">
      <UniqueIdentifier>{cb095be6-7998-4853-9e7a-c619b7846257}</UniqueIdentifier>
    </Filter>
    <Filter Include="2. Level\7. BattleLevel\Animator\CommonAnimator">
      <UniqueIdentifier>{c78de811-44cd-48a1-b813-c99c0416f124}</UniqueIdentifier>
    </Filter>
  </ItemGroup>
  <ItemGroup>
    <ClInclude Include="PokemonCore.h">
      <Filter>Core</Filter>
    </ClInclude>
    <ClInclude Include="TitleLevel.h">
      <Filter>2. Level\0. TitleLevel</Filter>
    </ClInclude>
    <ClInclude Include="TitleLevelManager.h">
      <Filter>2. Level\0. TitleLevel\Actor</Filter>
    </ClInclude>
    <ClInclude Include="ExteriorPalletTownLevel.h">
      <Filter>2. Level\2. MapLevel\0. Exterior Level</Filter>
    </ClInclude>
    <ClInclude Include="Global.h">
      <Filter>3. Util</Filter>
    </ClInclude>
    <ClInclude Include="PokemonMath.h">
      <Filter>3. Util</Filter>
    </ClInclude>
    <ClInclude Include="PokemonInput.h">
      <Filter>3. Util</Filter>
    </ClInclude>
    <ClInclude Include="PokemonDebug.h">
      <Filter>3. Util</Filter>
    </ClInclude>
    <ClInclude Include="EventProcessor.h">
      <Filter>4. Event</Filter>
    </ClInclude>
    <ClInclude Include="EventManager.h">
      <Filter>4. Event</Filter>
    </ClInclude>
    <ClInclude Include="EventCondition.h">
      <Filter>4. Event</Filter>
    </ClInclude>
    <ClInclude Include="PokemonUtil.h">
      <Filter>3. Util</Filter>
    </ClInclude>
    <ClInclude Include="Canvas.h">
      <Filter>5. UI</Filter>
    </ClInclude>
    <ClInclude Include="TutorialLevel.h">
      <Filter>2. Level\1. TutorialLevel</Filter>
    </ClInclude>
    <ClInclude Include="TutorialLevelManager.h">
      <Filter>2. Level\1. TutorialLevel\Actor</Filter>
    </ClInclude>
    <ClInclude Include="EventStream.h">
      <Filter>4. Event</Filter>
    </ClInclude>
    <ClInclude Include="MapLevel.h">
      <Filter>2. Level\2. MapLevel</Filter>
    </ClInclude>
    <ClInclude Include="Text.h">
      <Filter>5. UI\Element</Filter>
    </ClInclude>
    <ClInclude Include="Map.h">
      <Filter>2. Level\2. MapLevel\2. Map</Filter>
    </ClInclude>
    <ClInclude Include="Player.h">
      <Filter>0. Player</Filter>
    </ClInclude>
    <ClInclude Include="EventTrigger.h">
      <Filter>4. Event</Filter>
    </ClInclude>
    <ClInclude Include="EventTarget.h">
      <Filter>4. Event</Filter>
    </ClInclude>
    <ClInclude Include="MenuCanvas.h">
      <Filter>5. UI\MapLevelCanvas</Filter>
    </ClInclude>
    <ClInclude Include="DialogueWindow.h">
      <Filter>5. UI\MapLevelCanvas</Filter>
    </ClInclude>
    <ClInclude Include="MapNameCanvas.h">
      <Filter>5. UI\MapLevelCanvas</Filter>
    </ClInclude>
    <ClInclude Include="AnimatedFlower.h">
      <Filter>2. Level\2. MapLevel\4. Tile</Filter>
    </ClInclude>
    <ClInclude Include="AnimatedSea.h">
      <Filter>2. Level\2. MapLevel\4. Tile</Filter>
    </ClInclude>
    <ClInclude Include="Pokemon.h">
      <Filter>6. Data\Pokemon</Filter>
    </ClInclude>
    <ClInclude Include="PlayerData.h">
      <Filter>6. Data</Filter>
    </ClInclude>
    <ClInclude Include="FadeLevelChanger.h">
      <Filter>1. CommonTrigger</Filter>
    </ClInclude>
    <ClInclude Include="ScrollBar.h">
      <Filter>5. UI\Element</Filter>
    </ClInclude>
    <ClInclude Include="UIElement.h">
      <Filter>5. UI\Element</Filter>
    </ClInclude>
    <ClInclude Include="PokemonUILevel.h">
      <Filter>2. Level\3. PokemonUILevel</Filter>
    </ClInclude>
    <ClInclude Include="PokemonCanvas.h">
      <Filter>2. Level\3. PokemonUILevel</Filter>
    </ClInclude>
    <ClInclude Include="Cursor.h">
      <Filter>5. UI\Element</Filter>
    </ClInclude>
    <ClInclude Include="PokemonSummaryUILevel.h">
      <Filter>2. Level\4. PokemonUISummaryLevel</Filter>
    </ClInclude>
    <ClInclude Include="PokemonSummaryCanvas.h">
      <Filter>2. Level\4. PokemonUISummaryLevel</Filter>
    </ClInclude>
    <ClInclude Include="AllUIElements.h">
      <Filter>3. Util</Filter>
    </ClInclude>
    <ClInclude Include="PokemonString.h">
      <Filter>3. Util</Filter>
    </ClInclude>
    <ClInclude Include="ImageElement.h">
      <Filter>5. UI\Element</Filter>
    </ClInclude>
    <ClInclude Include="TrainerCardUILevel.h">
      <Filter>2. Level\5. TrainerCardUILevel</Filter>
    </ClInclude>
    <ClInclude Include="TrainerCardCanvas.h">
      <Filter>2. Level\5. TrainerCardUILevel</Filter>
    </ClInclude>
    <ClInclude Include="BattleLevel.h">
      <Filter>2. Level\7. BattleLevel</Filter>
    </ClInclude>
    <ClInclude Include="CsvReader.h">
      <Filter>3. Util</Filter>
    </ClInclude>
    <ClInclude Include="PokemonLevel.h">
      <Filter>2. Level</Filter>
    </ClInclude>
    <ClInclude Include="SoundManager.h">
      <Filter>7. Sound</Filter>
    </ClInclude>
    <ClInclude Include="WildBattleTrigger.h">
      <Filter>1. CommonTrigger</Filter>
    </ClInclude>
    <ClInclude Include="BattleCanvas.h">
      <Filter>2. Level\7. BattleLevel</Filter>
    </ClInclude>
    <ClInclude Include="UIParent.h">
      <Filter>5. UI\Element</Filter>
    </ClInclude>
    <ClInclude Include="FadeCanvas.h">
      <Filter>5. UI\MapLevelCanvas</Filter>
    </ClInclude>
    <ClInclude Include="BattleEnemyActionGenerator.h">
      <Filter>2. Level\7. BattleLevel</Filter>
    </ClInclude>
    <ClInclude Include="BattleEnums.h">
      <Filter>2. Level\7. BattleLevel</Filter>
    </ClInclude>
    <ClInclude Include="StatStage.h">
      <Filter>2. Level\7. BattleLevel</Filter>
    </ClInclude>
    <ClInclude Include="AccuracyChecker.h">
      <Filter>2. Level\7. BattleLevel\Calculator</Filter>
    </ClInclude>
    <ClInclude Include="TurnOrderCalculator.h">
      <Filter>2. Level\7. BattleLevel\Calculator</Filter>
    </ClInclude>
    <ClInclude Include="DamageCalculator.h">
      <Filter>2. Level\7. BattleLevel\Calculator</Filter>
    </ClInclude>
    <ClInclude Include="Battler.h">
      <Filter>2. Level\7. BattleLevel</Filter>
    </ClInclude>
    <ClInclude Include="MoveEffectTester.h">
      <Filter>2. Level\7. BattleLevel\Calculator</Filter>
    </ClInclude>
    <ClInclude Include="BattleUtil.h">
      <Filter>3. Util</Filter>
    </ClInclude>
    <ClInclude Include="MoveEffectApplier.h">
      <Filter>2. Level\7. BattleLevel\Calculator</Filter>
    </ClInclude>
    <ClInclude Include="ExpCalculator.h">
      <Filter>6. Data\Pokemon</Filter>
    </ClInclude>
    <ClInclude Include="BattlePrepareTurnStateMachine.h">
      <Filter>2. Level\7. BattleLevel\StateMachine\1. PrepareTurn</Filter>
    </ClInclude>
    <ClInclude Include="WildBattleStartStateMachine.h">
      <Filter>2. Level\7. BattleLevel\StateMachine\0. BattleStart</Filter>
    </ClInclude>
    <ClInclude Include="BattlePlayerActionSelectStateMachine.h">
      <Filter>2. Level\7. BattleLevel\StateMachine\2. PlayerActionSelect</Filter>
    </ClInclude>
    <ClInclude Include="BattleFaintStateMachine.h">
      <Filter>2. Level\7. BattleLevel\StateMachine\3. Turn\2. Faint</Filter>
    </ClInclude>
    <ClInclude Include="BattleExpGainStateMachine.h">
      <Filter>2. Level\7. BattleLevel\StateMachine\3. Turn\2. Faint</Filter>
    </ClInclude>
    <ClInclude Include="BattleEOTStateMachine.h">
      <Filter>2. Level\7. BattleLevel\StateMachine\3. Turn\1. EOT</Filter>
    </ClInclude>
    <ClInclude Include="BattleActionStateMachine.h">
      <Filter>2. Level\7. BattleLevel\StateMachine\3. Turn\0. Action</Filter>
    </ClInclude>
    <ClInclude Include="BattleTurnStateMachine.h">
      <Filter>2. Level\7. BattleLevel\StateMachine\3. Turn</Filter>
    </ClInclude>
    <ClInclude Include="BattleMoveStateMachine.h">
      <Filter>2. Level\7. BattleLevel\StateMachine\3. Turn\0. Action</Filter>
    </ClInclude>
    <ClInclude Include="BattlePlayerShiftStateMachine.h">
      <Filter>2. Level\7. BattleLevel\StateMachine\Common</Filter>
    </ClInclude>
    <ClInclude Include="BattleEnemyShiftStateMachine.h">
      <Filter>2. Level\7. BattleLevel\StateMachine\Common</Filter>
    </ClInclude>
    <ClInclude Include="PokemonMsgBox.h">
      <Filter>5. UI\Element</Filter>
    </ClInclude>
    <ClInclude Include="Trainer.h">
      <Filter>1. CommonTrigger</Filter>
    </ClInclude>
    <ClInclude Include="TrainerBattleStartStateMachine.h">
      <Filter>2. Level\7. BattleLevel\StateMachine\0. BattleStart</Filter>
    </ClInclude>
    <ClInclude Include="FinishBattleStateMachine.h">
      <Filter>2. Level\7. BattleLevel\StateMachine\4. FinishBattle</Filter>
    </ClInclude>
    <ClInclude Include="GameDB.h">
      <Filter>6. Data</Filter>
    </ClInclude>
    <ClInclude Include="PokemonStruct.h">
      <Filter>6. Data\Pokemon</Filter>
    </ClInclude>
    <ClInclude Include="WildPokemonZone.h">
      <Filter>6. Data\Pokemon</Filter>
    </ClInclude>
    <ClInclude Include="Item.h">
      <Filter>6. Data\Item</Filter>
    </ClInclude>
    <ClInclude Include="BagUILevel.h">
      <Filter>2. Level\6. BagUILevel</Filter>
    </ClInclude>
    <ClInclude Include="BagCanvas.h">
      <Filter>2. Level\6. BagUILevel</Filter>
    </ClInclude>
    <ClInclude Include="InteriorOaksLabLevel.h">
      <Filter>2. Level\2. MapLevel\1. Interior Level\1. Pallet Town</Filter>
    </ClInclude>
    <ClInclude Include="InteriorPlayersHouse1FLevel.h">
      <Filter>2. Level\2. MapLevel\1. Interior Level\1. Pallet Town</Filter>
    </ClInclude>
    <ClInclude Include="InteriorPlayersHouse2FLevel.h">
      <Filter>2. Level\2. MapLevel\1. Interior Level\1. Pallet Town</Filter>
    </ClInclude>
    <ClInclude Include="StarterBall.h">
      <Filter>2. Level\2. MapLevel\1. Interior Level\1. Pallet Town</Filter>
    </ClInclude>
    <ClInclude Include="StarterCanvas.h">
      <Filter>2. Level\2. MapLevel\1. Interior Level\1. Pallet Town</Filter>
    </ClInclude>
    <ClInclude Include="InteriorRivalsHouseLevel.h">
      <Filter>2. Level\2. MapLevel\1. Interior Level\1. Pallet Town</Filter>
    </ClInclude>
    <ClInclude Include="InteriorPokemonCenterLevel.h">
      <Filter>2. Level\2. MapLevel\1. Interior Level\0. Common</Filter>
    </ClInclude>
    <ClInclude Include="InteriorShopLevel.h">
      <Filter>2. Level\2. MapLevel\1. Interior Level\0. Common</Filter>
    </ClInclude>
    <ClInclude Include="PokemonCenterCanvas.h">
      <Filter>2. Level\2. MapLevel\1. Interior Level\0. Common</Filter>
    </ClInclude>
    <ClInclude Include="ShopCanvas.h">
      <Filter>2. Level\2. MapLevel\1. Interior Level\0. Common</Filter>
    </ClInclude>
    <ClInclude Include="PokemonCenterBalls.h">
      <Filter>2. Level\2. MapLevel\1. Interior Level\0. Common</Filter>
    </ClInclude>
    <ClInclude Include="DialogueActor.h">
      <Filter>2. Level\2. MapLevel\3. Actor</Filter>
    </ClInclude>
    <ClInclude Include="ExteriorDoor.h">
      <Filter>2. Level\2. MapLevel\3. Actor</Filter>
    </ClInclude>
    <ClInclude Include="InteriorDoor.h">
      <Filter>2. Level\2. MapLevel\3. Actor</Filter>
    </ClInclude>
    <ClInclude Include="Stair.h">
      <Filter>2. Level\2. MapLevel\3. Actor</Filter>
    </ClInclude>
    <ClInclude Include="Warp.h">
      <Filter>2. Level\2. MapLevel\3. Actor</Filter>
    </ClInclude>
    <ClInclude Include="ClosedDoor.h">
      <Filter>2. Level\2. MapLevel\3. Actor</Filter>
    </ClInclude>
    <ClInclude Include="ExteriorViridianForestLevel.h">
      <Filter>2. Level\2. MapLevel\0. Exterior Level</Filter>
    </ClInclude>
    <ClInclude Include="ExteriorPewterCityLevel.h">
      <Filter>2. Level\2. MapLevel\0. Exterior Level</Filter>
    </ClInclude>
    <ClInclude Include="InteriorPewterGymLevel.h">
      <Filter>2. Level\2. MapLevel\1. Interior Level\2. Pewter City</Filter>
    </ClInclude>
    <ClInclude Include="EndingCanvas.h">
      <Filter>2. Level\2. MapLevel\1. Interior Level\2. Pewter City</Filter>
    </ClInclude>
    <ClInclude Include="PlayerTackleAnimator.h">
      <Filter>2. Level\7. BattleLevel\Animator\MoveAnimator</Filter>
    </ClInclude>
    <ClInclude Include="Animator.h">
      <Filter>2. Level\7. BattleLevel\Animator</Filter>
    </ClInclude>
    <ClInclude Include="ShakeEffectAnimator.h">
      <Filter>2. Level\7. BattleLevel\Animator\CommonAnimator</Filter>
    </ClInclude>
    <ClInclude Include="BlinkEffectAnimator.h">
      <Filter>2. Level\7. BattleLevel\Animator\CommonAnimator</Filter>
    </ClInclude>
    <ClInclude Include="AnimatorGenerator.h">
      <Filter>2. Level\7. BattleLevel\Animator</Filter>
    </ClInclude>
    <ClInclude Include="BattleStateMachine.h">
      <Filter>2. Level\7. BattleLevel\StateMachine</Filter>
    </ClInclude>
    <ClInclude Include="EnemyTackleAnimator.h">
      <Filter>2. Level\7. BattleLevel\Animator\MoveAnimator</Filter>
    </ClInclude>
    <ClInclude Include="GrowlAnimator.h">
      <Filter>2. Level\7. BattleLevel\Animator\MoveAnimator</Filter>
    </ClInclude>
    <ClInclude Include="StatStageChangeAnimator.h">
      <Filter>2. Level\7. BattleLevel\Animator\StatStageAnimator</Filter>
    </ClInclude>
    <ClInclude Include="BattleItemPokemonUILevel.h">
      <Filter>2. Level\3. PokemonUILevel</Filter>
    </ClInclude>
    <ClInclude Include="BattleShiftPokemonUILevel.h">
      <Filter>2. Level\3. PokemonUILevel</Filter>
    </ClInclude>
    <ClInclude Include="BattleBagUILevel.h">
      <Filter>2. Level\6. BagUILevel</Filter>
    </ClInclude>
    <ClInclude Include="MenuPokemonUILevel.h">
      <Filter>2. Level\3. PokemonUILevel</Filter>
    </ClInclude>
    <ClInclude Include="MenuBagUILevel.h">
      <Filter>2. Level\6. BagUILevel</Filter>
    </ClInclude>
    <ClInclude Include="BagItemPokemonUILevel.h">
      <Filter>2. Level\3. PokemonUILevel</Filter>
    </ClInclude>
    <ClInclude Include="ItemPokemonUILevel.h">
      <Filter>2. Level\3. PokemonUILevel</Filter>
    </ClInclude>
  </ItemGroup>
  <ItemGroup>
    <ClCompile Include="PokemonCore.cpp">
      <Filter>Core</Filter>
    </ClCompile>
    <ClCompile Include="TitleLevel.cpp">
      <Filter>2. Level\0. TitleLevel</Filter>
    </ClCompile>
    <ClCompile Include="TitleLevelManager.cpp">
      <Filter>2. Level\0. TitleLevel\Actor</Filter>
    </ClCompile>
    <ClCompile Include="ExteriorPalletTownLevel.cpp">
      <Filter>2. Level\2. MapLevel\0. Exterior Level</Filter>
    </ClCompile>
    <ClCompile Include="PokemonMath.cpp">
      <Filter>3. Util</Filter>
    </ClCompile>
    <ClCompile Include="PokemonInput.cpp">
      <Filter>3. Util</Filter>
    </ClCompile>
    <ClCompile Include="PokemonDebug.cpp">
      <Filter>3. Util</Filter>
    </ClCompile>
    <ClCompile Include="EventProcessor.cpp">
      <Filter>4. Event</Filter>
    </ClCompile>
    <ClCompile Include="EventManager.cpp">
      <Filter>4. Event</Filter>
    </ClCompile>
    <ClCompile Include="EventCondition.cpp">
      <Filter>4. Event</Filter>
    </ClCompile>
    <ClCompile Include="PokemonUtil.cpp">
      <Filter>3. Util</Filter>
    </ClCompile>
    <ClCompile Include="Canvas.cpp">
      <Filter>5. UI</Filter>
    </ClCompile>
    <ClCompile Include="TutorialLevel.cpp">
      <Filter>2. Level\1. TutorialLevel</Filter>
    </ClCompile>
    <ClCompile Include="TutorialLevelManager.cpp">
      <Filter>2. Level\1. TutorialLevel\Actor</Filter>
    </ClCompile>
    <ClCompile Include="EventStream.cpp">
      <Filter>4. Event</Filter>
    </ClCompile>
    <ClCompile Include="MapLevel.cpp">
      <Filter>2. Level\2. MapLevel</Filter>
    </ClCompile>
    <ClCompile Include="Text.cpp">
      <Filter>5. UI\Element</Filter>
    </ClCompile>
    <ClCompile Include="Map.cpp">
      <Filter>2. Level\2. MapLevel\2. Map</Filter>
    </ClCompile>
    <ClCompile Include="Player.cpp">
      <Filter>0. Player</Filter>
    </ClCompile>
    <ClCompile Include="EventTrigger.cpp">
      <Filter>4. Event</Filter>
    </ClCompile>
    <ClCompile Include="EventTarget.cpp">
      <Filter>4. Event</Filter>
    </ClCompile>
    <ClCompile Include="MenuCanvas.cpp">
      <Filter>5. UI\MapLevelCanvas</Filter>
    </ClCompile>
    <ClCompile Include="DialogueWindow.cpp">
      <Filter>5. UI\MapLevelCanvas</Filter>
    </ClCompile>
    <ClCompile Include="MapNameCanvas.cpp">
      <Filter>5. UI\MapLevelCanvas</Filter>
    </ClCompile>
    <ClCompile Include="AnimatedFlower.cpp">
      <Filter>2. Level\2. MapLevel\4. Tile</Filter>
    </ClCompile>
    <ClCompile Include="AnimatedSea.cpp">
      <Filter>2. Level\2. MapLevel\4. Tile</Filter>
    </ClCompile>
    <ClCompile Include="Pokemon.cpp">
      <Filter>6. Data\Pokemon</Filter>
    </ClCompile>
    <ClCompile Include="PlayerData.cpp">
      <Filter>6. Data</Filter>
    </ClCompile>
    <ClCompile Include="FadeLevelChanger.cpp">
      <Filter>1. CommonTrigger</Filter>
    </ClCompile>
    <ClCompile Include="ScrollBar.cpp">
      <Filter>5. UI\Element</Filter>
    </ClCompile>
    <ClCompile Include="UIElement.cpp">
      <Filter>5. UI\Element</Filter>
    </ClCompile>
    <ClCompile Include="PokemonUILevel.cpp">
      <Filter>2. Level\3. PokemonUILevel</Filter>
    </ClCompile>
    <ClCompile Include="PokemonCanvas.cpp">
      <Filter>2. Level\3. PokemonUILevel</Filter>
    </ClCompile>
    <ClCompile Include="Cursor.cpp">
      <Filter>5. UI\Element</Filter>
    </ClCompile>
    <ClCompile Include="PokemonSummaryCanvas.cpp">
      <Filter>2. Level\4. PokemonUISummaryLevel</Filter>
    </ClCompile>
    <ClCompile Include="PokemonSummaryUILevel.cpp">
      <Filter>2. Level\4. PokemonUISummaryLevel</Filter>
    </ClCompile>
    <ClCompile Include="PokemonString.cpp">
      <Filter>3. Util</Filter>
    </ClCompile>
    <ClCompile Include="ImageElement.cpp">
      <Filter>5. UI\Element</Filter>
    </ClCompile>
    <ClCompile Include="TrainerCardUILevel.cpp">
      <Filter>2. Level\5. TrainerCardUILevel</Filter>
    </ClCompile>
    <ClCompile Include="TrainerCardCanvas.cpp">
      <Filter>2. Level\5. TrainerCardUILevel</Filter>
    </ClCompile>
    <ClCompile Include="BattleLevel.cpp">
      <Filter>2. Level\7. BattleLevel</Filter>
    </ClCompile>
    <ClCompile Include="CsvReader.cpp">
      <Filter>3. Util</Filter>
    </ClCompile>
    <ClCompile Include="PokemonLevel.cpp">
      <Filter>2. Level</Filter>
    </ClCompile>
    <ClCompile Include="SoundManager.cpp">
      <Filter>7. Sound</Filter>
    </ClCompile>
    <ClCompile Include="WildBattleTrigger.cpp">
      <Filter>1. CommonTrigger</Filter>
    </ClCompile>
    <ClCompile Include="BattleCanvas.cpp">
      <Filter>2. Level\7. BattleLevel</Filter>
    </ClCompile>
    <ClCompile Include="UIParent.cpp">
      <Filter>5. UI\Element</Filter>
    </ClCompile>
    <ClCompile Include="FadeCanvas.cpp">
      <Filter>5. UI\MapLevelCanvas</Filter>
    </ClCompile>
    <ClCompile Include="BattleEnemyActionGenerator.cpp">
      <Filter>2. Level\7. BattleLevel</Filter>
    </ClCompile>
    <ClCompile Include="StatStage.cpp">
      <Filter>2. Level\7. BattleLevel</Filter>
    </ClCompile>
    <ClCompile Include="AccuracyChecker.cpp">
      <Filter>2. Level\7. BattleLevel\Calculator</Filter>
    </ClCompile>
    <ClCompile Include="TurnOrderCalculator.cpp">
      <Filter>2. Level\7. BattleLevel\Calculator</Filter>
    </ClCompile>
    <ClCompile Include="DamageCalculator.cpp">
      <Filter>2. Level\7. BattleLevel\Calculator</Filter>
    </ClCompile>
    <ClCompile Include="Battler.cpp">
      <Filter>2. Level\7. BattleLevel</Filter>
    </ClCompile>
    <ClCompile Include="MoveEffectTester.cpp">
      <Filter>2. Level\7. BattleLevel\Calculator</Filter>
    </ClCompile>
    <ClCompile Include="BattleUtil.cpp">
      <Filter>3. Util</Filter>
    </ClCompile>
    <ClCompile Include="MoveEffectApplier.cpp">
      <Filter>2. Level\7. BattleLevel\Calculator</Filter>
    </ClCompile>
    <ClCompile Include="ExpCalculator.cpp">
      <Filter>6. Data\Pokemon</Filter>
    </ClCompile>
    <ClCompile Include="BattlePrepareTurnStateMachine.cpp">
      <Filter>2. Level\7. BattleLevel\StateMachine\1. PrepareTurn</Filter>
    </ClCompile>
    <ClCompile Include="WildBattleStartStateMachine.cpp">
      <Filter>2. Level\7. BattleLevel\StateMachine\0. BattleStart</Filter>
    </ClCompile>
    <ClCompile Include="BattlePlayerActionSelectStateMachine.cpp">
      <Filter>2. Level\7. BattleLevel\StateMachine\2. PlayerActionSelect</Filter>
    </ClCompile>
    <ClCompile Include="BattleExpGainStateMachine.cpp">
      <Filter>2. Level\7. BattleLevel\StateMachine\3. Turn\2. Faint</Filter>
    </ClCompile>
    <ClCompile Include="BattleFaintStateMachine.cpp">
      <Filter>2. Level\7. BattleLevel\StateMachine\3. Turn\2. Faint</Filter>
    </ClCompile>
    <ClCompile Include="BattleEOTStateMachine.cpp">
      <Filter>2. Level\7. BattleLevel\StateMachine\3. Turn\1. EOT</Filter>
    </ClCompile>
    <ClCompile Include="BattleActionStateMachine.cpp">
      <Filter>2. Level\7. BattleLevel\StateMachine\3. Turn\0. Action</Filter>
    </ClCompile>
    <ClCompile Include="BattleTurnStateMachine.cpp">
      <Filter>2. Level\7. BattleLevel\StateMachine\3. Turn</Filter>
    </ClCompile>
    <ClCompile Include="BattleMoveStateMachine.cpp">
      <Filter>2. Level\7. BattleLevel\StateMachine\3. Turn\0. Action</Filter>
    </ClCompile>
    <ClCompile Include="BattlePlayerShiftStateMachine.cpp">
      <Filter>2. Level\7. BattleLevel\StateMachine\Common</Filter>
    </ClCompile>
    <ClCompile Include="BattleEnemyShiftStateMachine.cpp">
      <Filter>2. Level\7. BattleLevel\StateMachine\Common</Filter>
    </ClCompile>
    <ClCompile Include="PokemonMsgBox.cpp">
      <Filter>5. UI\Element</Filter>
    </ClCompile>
    <ClCompile Include="Trainer.cpp">
      <Filter>1. CommonTrigger</Filter>
    </ClCompile>
    <ClCompile Include="TrainerBattleStartStateMachine.cpp">
      <Filter>2. Level\7. BattleLevel\StateMachine\0. BattleStart</Filter>
    </ClCompile>
    <ClCompile Include="FinishBattleStateMachine.cpp">
      <Filter>2. Level\7. BattleLevel\StateMachine\4. FinishBattle</Filter>
    </ClCompile>
    <ClCompile Include="GameDB.cpp">
      <Filter>6. Data</Filter>
    </ClCompile>
    <ClCompile Include="WildPokemonZone.cpp">
      <Filter>6. Data\Pokemon</Filter>
    </ClCompile>
    <ClCompile Include="Item.cpp">
      <Filter>6. Data\Item</Filter>
    </ClCompile>
    <ClCompile Include="BagUILevel.cpp">
      <Filter>2. Level\6. BagUILevel</Filter>
    </ClCompile>
    <ClCompile Include="BagCanvas.cpp">
      <Filter>2. Level\6. BagUILevel</Filter>
    </ClCompile>
    <ClCompile Include="InteriorOaksLabLevel.cpp">
      <Filter>2. Level\2. MapLevel\1. Interior Level\1. Pallet Town</Filter>
    </ClCompile>
    <ClCompile Include="InteriorPlayersHouse1FLevel.cpp">
      <Filter>2. Level\2. MapLevel\1. Interior Level\1. Pallet Town</Filter>
    </ClCompile>
    <ClCompile Include="InteriorPlayersHouse2FLevel.cpp">
      <Filter>2. Level\2. MapLevel\1. Interior Level\1. Pallet Town</Filter>
    </ClCompile>
    <ClCompile Include="StarterBall.cpp">
      <Filter>2. Level\2. MapLevel\1. Interior Level\1. Pallet Town</Filter>
    </ClCompile>
    <ClCompile Include="StarterCanvas.cpp">
      <Filter>2. Level\2. MapLevel\1. Interior Level\1. Pallet Town</Filter>
    </ClCompile>
    <ClCompile Include="InteriorRivalsHouseLevel.cpp">
      <Filter>2. Level\2. MapLevel\1. Interior Level\1. Pallet Town</Filter>
    </ClCompile>
    <ClCompile Include="InteriorPokemonCenterLevel.cpp">
      <Filter>2. Level\2. MapLevel\1. Interior Level\0. Common</Filter>
    </ClCompile>
    <ClCompile Include="InteriorShopLevel.cpp">
      <Filter>2. Level\2. MapLevel\1. Interior Level\0. Common</Filter>
    </ClCompile>
    <ClCompile Include="PokemonCenterCanvas.cpp">
      <Filter>2. Level\2. MapLevel\1. Interior Level\0. Common</Filter>
    </ClCompile>
    <ClCompile Include="ShopCanvas.cpp">
      <Filter>2. Level\2. MapLevel\1. Interior Level\0. Common</Filter>
    </ClCompile>
    <ClCompile Include="PokemonCenterBalls.cpp">
      <Filter>2. Level\2. MapLevel\1. Interior Level\0. Common</Filter>
    </ClCompile>
    <ClCompile Include="DialogueActor.cpp">
      <Filter>2. Level\2. MapLevel\3. Actor</Filter>
    </ClCompile>
    <ClCompile Include="ExteriorDoor.cpp">
      <Filter>2. Level\2. MapLevel\3. Actor</Filter>
    </ClCompile>
    <ClCompile Include="InteriorDoor.cpp">
      <Filter>2. Level\2. MapLevel\3. Actor</Filter>
    </ClCompile>
    <ClCompile Include="Stair.cpp">
      <Filter>2. Level\2. MapLevel\3. Actor</Filter>
    </ClCompile>
    <ClCompile Include="Warp.cpp">
      <Filter>2. Level\2. MapLevel\3. Actor</Filter>
    </ClCompile>
    <ClCompile Include="ClosedDoor.cpp">
      <Filter>2. Level\2. MapLevel\3. Actor</Filter>
    </ClCompile>
    <ClCompile Include="ExteriorViridianForestLevel.cpp">
      <Filter>2. Level\2. MapLevel\0. Exterior Level</Filter>
    </ClCompile>
    <ClCompile Include="ExteriorPewterCityLevel.cpp">
      <Filter>2. Level\2. MapLevel\0. Exterior Level</Filter>
    </ClCompile>
    <ClCompile Include="InteriorPewterGymLevel.cpp">
      <Filter>2. Level\2. MapLevel\1. Interior Level\2. Pewter City</Filter>
    </ClCompile>
    <ClCompile Include="EndingCanvas.cpp">
      <Filter>2. Level\2. MapLevel\1. Interior Level\2. Pewter City</Filter>
    </ClCompile>
    <ClCompile Include="Global.cpp">
      <Filter>3. Util</Filter>
    </ClCompile>
    <ClCompile Include="PlayerTackleAnimator.cpp">
      <Filter>2. Level\7. BattleLevel\Animator\MoveAnimator</Filter>
    </ClCompile>
    <ClCompile Include="Animator.cpp">
      <Filter>2. Level\7. BattleLevel\Animator</Filter>
    </ClCompile>
    <ClCompile Include="ShakeEffectAnimator.cpp">
      <Filter>2. Level\7. BattleLevel\Animator\CommonAnimator</Filter>
    </ClCompile>
    <ClCompile Include="BlinkEffectAnimator.cpp">
      <Filter>2. Level\7. BattleLevel\Animator\CommonAnimator</Filter>
    </ClCompile>
    <ClCompile Include="AnimatorGenerator.cpp">
      <Filter>2. Level\7. BattleLevel\Animator</Filter>
    </ClCompile>
    <ClCompile Include="BattleStateMachine.cpp">
      <Filter>2. Level\7. BattleLevel\StateMachine</Filter>
    </ClCompile>
    <ClCompile Include="EnemyTackleAnimator.cpp">
      <Filter>2. Level\7. BattleLevel\Animator\MoveAnimator</Filter>
    </ClCompile>
    <ClCompile Include="GrowlAnimator.cpp">
      <Filter>2. Level\7. BattleLevel\Animator\MoveAnimator</Filter>
    </ClCompile>
    <ClCompile Include="StatStageChangeAnimator.cpp">
      <Filter>2. Level\7. BattleLevel\Animator\StatStageAnimator</Filter>
    </ClCompile>
    <ClCompile Include="BattleItemPokemonUILevel.cpp">
      <Filter>2. Level\3. PokemonUILevel</Filter>
    </ClCompile>
    <ClCompile Include="BattleShiftPokemonUILevel.cpp">
      <Filter>2. Level\3. PokemonUILevel</Filter>
    </ClCompile>
    <ClCompile Include="BattleBagUILevel.cpp">
      <Filter>2. Level\6. BagUILevel</Filter>
    </ClCompile>
    <ClCompile Include="MenuPokemonUILevel.cpp">
      <Filter>2. Level\3. PokemonUILevel</Filter>
    </ClCompile>
    <ClCompile Include="MenuBagUILevel.cpp">
      <Filter>2. Level\6. BagUILevel</Filter>
    </ClCompile>
    <ClCompile Include="BagItemPokemonUILevel.cpp">
      <Filter>2. Level\3. PokemonUILevel</Filter>
    </ClCompile>
    <ClCompile Include="ItemPokemonUILevel.cpp">
      <Filter>2. Level\3. PokemonUILevel</Filter>
    </ClCompile>
  </ItemGroup>
</Project>