<?xml version="1.0" encoding="utf-8"?>
<Project ToolsVersion="4.0" xmlns="http://schemas.microsoft.com/developer/msbuild/2003">
  <ItemGroup>
    <Filter Include="Core">
      <UniqueIdentifier>{8d77ac80-c255-418f-8c3e-06569a2c5dfc}</UniqueIdentifier>
    </Filter>
    <Filter Include="OutdoorLevel">
      <UniqueIdentifier>{eb8e903a-114a-4e5f-9718-0cc29052aa04}</UniqueIdentifier>
    </Filter>
    <Filter Include="TitleLevel">
      <UniqueIdentifier>{bdf06483-65f9-421f-b9ce-c1f2eea53612}</UniqueIdentifier>
    </Filter>
    <Filter Include="OutdoorLevel\Actor">
      <UniqueIdentifier>{3b88d292-f9a2-4d41-863e-4b9d2397e54a}</UniqueIdentifier>
    </Filter>
    <Filter Include="TitleLevel\Actor">
      <UniqueIdentifier>{6cca5fec-8768-4bb5-b4c6-002f4f8625d8}</UniqueIdentifier>
    </Filter>
  </ItemGroup>
  <ItemGroup>
    <ClInclude Include="PokemonCore.h">
      <Filter>Core</Filter>
    </ClInclude>
    <ClInclude Include="OutdoorLevel.h">
      <Filter>OutdoorLevel</Filter>
    </ClInclude>
    <ClInclude Include="Ground.h">
      <Filter>OutdoorLevel\Actor</Filter>
    </ClInclude>
    <ClInclude Include="TitleLevel.h">
      <Filter>TitleLevel</Filter>
    </ClInclude>
    <ClInclude Include="Player.h">
      <Filter>OutdoorLevel\Actor</Filter>
    </ClInclude>
    <ClInclude Include="Global.h" />
    <ClInclude Include="TitleLevelIntroImage.h">
      <Filter>TitleLevel\Actor</Filter>
    </ClInclude>
  </ItemGroup>
  <ItemGroup>
    <ClCompile Include="PokemonCore.cpp">
      <Filter>Core</Filter>
    </ClCompile>
    <ClCompile Include="OutdoorLevel.cpp">
      <Filter>OutdoorLevel</Filter>
    </ClCompile>
    <ClCompile Include="Ground.cpp">
      <Filter>OutdoorLevel\Actor</Filter>
    </ClCompile>
    <ClCompile Include="TitleLevel.cpp">
      <Filter>TitleLevel</Filter>
    </ClCompile>
    <ClCompile Include="Player.cpp">
      <Filter>OutdoorLevel\Actor</Filter>
    </ClCompile>
    <ClCompile Include="Global.cpp" />
    <ClCompile Include="TitleLevelIntroImage.cpp">
      <Filter>TitleLevel\Actor</Filter>
    </ClCompile>
  </ItemGroup>
</Project>