<?xml version="1.0" encoding="utf-8"?>
<Project ToolsVersion="4.0" xmlns="http://schemas.microsoft.com/developer/msbuild/2003">
  <ItemGroup>
    <Filter Include="Core">
      <UniqueIdentifier>{8d77ac80-c255-418f-8c3e-06569a2c5dfc}</UniqueIdentifier>
    </Filter>
    <Filter Include="Level">
      <UniqueIdentifier>{c65502e2-f0b1-44bb-b6d8-55257fcad413}</UniqueIdentifier>
    </Filter>
    <Filter Include="Level\0. TitleLevel">
      <UniqueIdentifier>{bdf06483-65f9-421f-b9ce-c1f2eea53612}</UniqueIdentifier>
    </Filter>
    <Filter Include="Level\0. TitleLevel\Actor">
      <UniqueIdentifier>{6cca5fec-8768-4bb5-b4c6-002f4f8625d8}</UniqueIdentifier>
    </Filter>
    <Filter Include="Level\1. TutorialLevel">
      <UniqueIdentifier>{ab2603f4-b49f-4cce-bbee-1f484ffb3e1b}</UniqueIdentifier>
    </Filter>
    <Filter Include="Level\1. TutorialLevel\Actor">
      <UniqueIdentifier>{23378bf3-ee2f-42ae-9c85-d7d649d31738}</UniqueIdentifier>
    </Filter>
    <Filter Include="Level\2. MapLevel">
      <UniqueIdentifier>{eb8e903a-114a-4e5f-9718-0cc29052aa04}</UniqueIdentifier>
    </Filter>
    <Filter Include="Level\2. MapLevel\0. Exterior Level">
      <UniqueIdentifier>{3fc26597-d68c-41ee-99cf-0110f105e3ac}</UniqueIdentifier>
    </Filter>
    <Filter Include="Level\2. MapLevel\1. Interior Level">
      <UniqueIdentifier>{9aa64607-bb92-499d-8ea4-58531c624887}</UniqueIdentifier>
    </Filter>
    <Filter Include="Level\2. MapLevel\2. Map">
      <UniqueIdentifier>{6c3a7b1f-92b9-4c62-aa47-73f55803e559}</UniqueIdentifier>
    </Filter>
    <Filter Include="Level\2. MapLevel\3. Actor">
      <UniqueIdentifier>{3b88d292-f9a2-4d41-863e-4b9d2397e54a}</UniqueIdentifier>
    </Filter>
    <Filter Include="Level\2. MapLevel\3. Actor\0. Player">
      <UniqueIdentifier>{303e1108-7ab1-4371-9aaa-464f75f69743}</UniqueIdentifier>
    </Filter>
    <Filter Include="Level\2. MapLevel\3. Actor\1. Trigger">
      <UniqueIdentifier>{90534d3f-513a-4990-9f4b-e981d1191cf6}</UniqueIdentifier>
    </Filter>
    <Filter Include="Level\2. MapLevel\4. Tile">
      <UniqueIdentifier>{2e631f4d-269c-44a0-8975-de30505b0590}</UniqueIdentifier>
    </Filter>
    <Filter Include="0. Util">
      <UniqueIdentifier>{363b44f9-6ba5-4290-afb2-239aea3b0006}</UniqueIdentifier>
    </Filter>
    <Filter Include="1. Event">
      <UniqueIdentifier>{b9f8bc97-2c8d-41ff-9bd0-27e6a7174106}</UniqueIdentifier>
    </Filter>
    <Filter Include="2. UI">
      <UniqueIdentifier>{3dd8a652-4bdb-4aa3-8532-0c7042e63c4c}</UniqueIdentifier>
    </Filter>
    <Filter Include="2. UI\Fade">
      <UniqueIdentifier>{ec9a6e0d-ee67-425c-aa2c-d748506a7ac8}</UniqueIdentifier>
    </Filter>
    <Filter Include="2. UI\Window">
      <UniqueIdentifier>{d71a5ab4-ae77-40de-bd65-1c7df6b2d98d}</UniqueIdentifier>
    </Filter>
    <Filter Include="Level\3. PokemonUILevel">
      <UniqueIdentifier>{4d6642c5-eaf8-48c7-88cc-115fe2b883fd}</UniqueIdentifier>
    </Filter>
    <Filter Include="2. UI\Element">
      <UniqueIdentifier>{677805ca-4377-4cce-a9e1-846959bd5647}</UniqueIdentifier>
    </Filter>
    <Filter Include="Level\3. PokemonUILevel\SummaryLevel">
      <UniqueIdentifier>{29fdf0d7-262d-4e47-913c-54d49556092d}</UniqueIdentifier>
    </Filter>
    <Filter Include="Level\4. TrainerCardUILevel">
      <UniqueIdentifier>{76b99926-9a09-4cd1-9ce3-494305579f9f}</UniqueIdentifier>
    </Filter>
    <Filter Include="3. Data">
      <UniqueIdentifier>{53b6b7a6-4c1e-40a5-a2dd-7329c5a17555}</UniqueIdentifier>
    </Filter>
    <Filter Include="3. Data\Pokemon">
      <UniqueIdentifier>{c8a233f3-17a7-4d3f-a007-59e257088024}</UniqueIdentifier>
    </Filter>
    <Filter Include="4. Trigger">
      <UniqueIdentifier>{5afc955f-9fe3-4a6d-bd92-3b7ac4681b20}</UniqueIdentifier>
    </Filter>
    <Filter Include="3. Data\Pokemon\DB">
      <UniqueIdentifier>{eced8de5-9ab0-456a-abb7-bf3bcec28c58}</UniqueIdentifier>
    </Filter>
  </ItemGroup>
  <ItemGroup>
    <ClInclude Include="PokemonCore.h">
      <Filter>Core</Filter>
    </ClInclude>
    <ClInclude Include="TitleLevel.h">
      <Filter>Level\0. TitleLevel</Filter>
    </ClInclude>
    <ClInclude Include="TitleLevelManager.h">
      <Filter>Level\0. TitleLevel\Actor</Filter>
    </ClInclude>
    <ClInclude Include="ExteriorPalletTownLevel.h">
      <Filter>Level\2. MapLevel\0. Exterior Level</Filter>
    </ClInclude>
    <ClInclude Include="Global.h">
      <Filter>0. Util</Filter>
    </ClInclude>
    <ClInclude Include="PokemonMath.h">
      <Filter>0. Util</Filter>
    </ClInclude>
    <ClInclude Include="PokemonInput.h">
      <Filter>0. Util</Filter>
    </ClInclude>
    <ClInclude Include="PokemonDebug.h">
      <Filter>0. Util</Filter>
    </ClInclude>
    <ClInclude Include="InteriorOaksLabLevel.h">
      <Filter>Level\2. MapLevel\1. Interior Level</Filter>
    </ClInclude>
    <ClInclude Include="EventProcessor.h">
      <Filter>1. Event</Filter>
    </ClInclude>
    <ClInclude Include="EventManager.h">
      <Filter>1. Event</Filter>
    </ClInclude>
    <ClInclude Include="DialogueActor.h">
      <Filter>Level\2. MapLevel\3. Actor\1. Trigger</Filter>
    </ClInclude>
    <ClInclude Include="Warp.h">
      <Filter>Level\2. MapLevel\3. Actor\1. Trigger</Filter>
    </ClInclude>
    <ClInclude Include="InteriorPlayersHouse1FLevel.h">
      <Filter>Level\2. MapLevel\1. Interior Level</Filter>
    </ClInclude>
    <ClInclude Include="InteriorPlayersHouse2FLevel.h">
      <Filter>Level\2. MapLevel\1. Interior Level</Filter>
    </ClInclude>
    <ClInclude Include="InteriorRivalsHouseLevel.h">
      <Filter>Level\2. MapLevel\1. Interior Level</Filter>
    </ClInclude>
    <ClInclude Include="EventCondition.h">
      <Filter>1. Event</Filter>
    </ClInclude>
    <ClInclude Include="PokemonUtil.h">
      <Filter>0. Util</Filter>
    </ClInclude>
    <ClInclude Include="Page.h">
      <Filter>2. UI</Filter>
    </ClInclude>
    <ClInclude Include="TutorialLevel.h">
      <Filter>Level\1. TutorialLevel</Filter>
    </ClInclude>
    <ClInclude Include="TutorialLevelManager.h">
      <Filter>Level\1. TutorialLevel\Actor</Filter>
    </ClInclude>
    <ClInclude Include="EventStream.h">
      <Filter>1. Event</Filter>
    </ClInclude>
    <ClInclude Include="MapLevel.h">
      <Filter>Level\2. MapLevel</Filter>
    </ClInclude>
    <ClInclude Include="PokemonLevel.h">
      <Filter>Core</Filter>
    </ClInclude>
    <ClInclude Include="Stair.h">
      <Filter>Level\2. MapLevel\3. Actor\1. Trigger</Filter>
    </ClInclude>
    <ClInclude Include="InteriorDoor.h">
      <Filter>Level\2. MapLevel\3. Actor\1. Trigger</Filter>
    </ClInclude>
    <ClInclude Include="ExteriorDoor.h">
      <Filter>Level\2. MapLevel\3. Actor\1. Trigger</Filter>
    </ClInclude>
    <ClInclude Include="BlackScreen.h">
      <Filter>2. UI\Fade</Filter>
    </ClInclude>
    <ClInclude Include="FadeScreen.h">
      <Filter>2. UI\Fade</Filter>
    </ClInclude>
    <ClInclude Include="Text.h">
      <Filter>2. UI\Element</Filter>
    </ClInclude>
    <ClInclude Include="Map.h">
      <Filter>Level\2. MapLevel\2. Map</Filter>
    </ClInclude>
    <ClInclude Include="Player.h">
      <Filter>Level\2. MapLevel\3. Actor\0. Player</Filter>
    </ClInclude>
    <ClInclude Include="EventTrigger.h">
      <Filter>1. Event</Filter>
    </ClInclude>
    <ClInclude Include="EventTarget.h">
      <Filter>1. Event</Filter>
    </ClInclude>
    <ClInclude Include="WhiteScreen.h">
      <Filter>2. UI\Fade</Filter>
    </ClInclude>
    <ClInclude Include="CurtainScreen.h">
      <Filter>2. UI\Fade</Filter>
    </ClInclude>
    <ClInclude Include="MenuWindow.h">
      <Filter>2. UI\Window</Filter>
    </ClInclude>
    <ClInclude Include="DialogueWindow.h">
      <Filter>2. UI\Window</Filter>
    </ClInclude>
    <ClInclude Include="MapNameWindow.h">
      <Filter>2. UI\Window</Filter>
    </ClInclude>
    <ClInclude Include="AnimatedFlower.h">
      <Filter>Level\2. MapLevel\4. Tile</Filter>
    </ClInclude>
    <ClInclude Include="AnimatedSea.h">
      <Filter>Level\2. MapLevel\4. Tile</Filter>
    </ClInclude>
    <ClInclude Include="Pokemon.h">
      <Filter>3. Data\Pokemon</Filter>
    </ClInclude>
    <ClInclude Include="PlayerData.h">
      <Filter>3. Data</Filter>
    </ClInclude>
    <ClInclude Include="FadeLevelChanger.h">
      <Filter>4. Trigger</Filter>
    </ClInclude>
    <ClInclude Include="ScrollBar.h">
      <Filter>2. UI\Element</Filter>
    </ClInclude>
    <ClInclude Include="UIElement.h">
      <Filter>2. UI\Element</Filter>
    </ClInclude>
    <ClInclude Include="PokemonUILevel.h">
      <Filter>Level\3. PokemonUILevel</Filter>
    </ClInclude>
    <ClInclude Include="PokemonPage.h">
      <Filter>Level\3. PokemonUILevel</Filter>
    </ClInclude>
    <ClInclude Include="Cursor.h">
      <Filter>2. UI\Element</Filter>
    </ClInclude>
    <ClInclude Include="PokemonElement.h">
      <Filter>2. UI\Element</Filter>
    </ClInclude>
    <ClInclude Include="PokemonSummaryUILevel.h">
      <Filter>Level\3. PokemonUILevel\SummaryLevel</Filter>
    </ClInclude>
    <ClInclude Include="PokemonSummaryPage.h">
      <Filter>Level\3. PokemonUILevel\SummaryLevel</Filter>
    </ClInclude>
    <ClInclude Include="AllUIElements.h">
      <Filter>0. Util</Filter>
    </ClInclude>
    <ClInclude Include="PokemonString.h">
      <Filter>0. Util</Filter>
    </ClInclude>
    <ClInclude Include="ImageElement.h">
      <Filter>2. UI\Element</Filter>
    </ClInclude>
    <ClInclude Include="TrainerCardUILevel.h">
      <Filter>Level\4. TrainerCardUILevel</Filter>
    </ClInclude>
    <ClInclude Include="TrainerCardPage.h">
      <Filter>Level\4. TrainerCardUILevel</Filter>
    </ClInclude>
    <ClInclude Include="SoundManager.h">
      <Filter>1. Event</Filter>
    </ClInclude>
    <ClInclude Include="PokemonDB.h">
      <Filter>3. Data\Pokemon\DB</Filter>
    </ClInclude>
    <ClInclude Include="PokemonStruct.h">
      <Filter>3. Data\Pokemon\DB</Filter>
    </ClInclude>
  </ItemGroup>
  <ItemGroup>
    <ClCompile Include="PokemonCore.cpp">
      <Filter>Core</Filter>
    </ClCompile>
    <ClCompile Include="TitleLevel.cpp">
      <Filter>Level\0. TitleLevel</Filter>
    </ClCompile>
    <ClCompile Include="TitleLevelManager.cpp">
      <Filter>Level\0. TitleLevel\Actor</Filter>
    </ClCompile>
    <ClCompile Include="ExteriorPalletTownLevel.cpp">
      <Filter>Level\2. MapLevel\0. Exterior Level</Filter>
    </ClCompile>
    <ClCompile Include="Global.cpp">
      <Filter>0. Util</Filter>
    </ClCompile>
    <ClCompile Include="PokemonMath.cpp">
      <Filter>0. Util</Filter>
    </ClCompile>
    <ClCompile Include="PokemonInput.cpp">
      <Filter>0. Util</Filter>
    </ClCompile>
    <ClCompile Include="PokemonDebug.cpp">
      <Filter>0. Util</Filter>
    </ClCompile>
    <ClCompile Include="InteriorOaksLabLevel.cpp">
      <Filter>Level\2. MapLevel\1. Interior Level</Filter>
    </ClCompile>
    <ClCompile Include="EventProcessor.cpp">
      <Filter>1. Event</Filter>
    </ClCompile>
    <ClCompile Include="EventManager.cpp">
      <Filter>1. Event</Filter>
    </ClCompile>
    <ClCompile Include="DialogueActor.cpp">
      <Filter>Level\2. MapLevel\3. Actor\1. Trigger</Filter>
    </ClCompile>
    <ClCompile Include="Warp.cpp">
      <Filter>Level\2. MapLevel\3. Actor\1. Trigger</Filter>
    </ClCompile>
    <ClCompile Include="InteriorPlayersHouse1FLevel.cpp">
      <Filter>Level\2. MapLevel\1. Interior Level</Filter>
    </ClCompile>
    <ClCompile Include="InteriorPlayersHouse2FLevel.cpp">
      <Filter>Level\2. MapLevel\1. Interior Level</Filter>
    </ClCompile>
    <ClCompile Include="InteriorRivalsHouseLevel.cpp">
      <Filter>Level\2. MapLevel\1. Interior Level</Filter>
    </ClCompile>
    <ClCompile Include="EventCondition.cpp">
      <Filter>1. Event</Filter>
    </ClCompile>
    <ClCompile Include="PokemonUtil.cpp">
      <Filter>0. Util</Filter>
    </ClCompile>
    <ClCompile Include="Page.cpp">
      <Filter>2. UI</Filter>
    </ClCompile>
    <ClCompile Include="TutorialLevel.cpp">
      <Filter>Level\1. TutorialLevel</Filter>
    </ClCompile>
    <ClCompile Include="TutorialLevelManager.cpp">
      <Filter>Level\1. TutorialLevel\Actor</Filter>
    </ClCompile>
    <ClCompile Include="EventStream.cpp">
      <Filter>1. Event</Filter>
    </ClCompile>
    <ClCompile Include="MapLevel.cpp">
      <Filter>Level\2. MapLevel</Filter>
    </ClCompile>
    <ClCompile Include="PokemonLevel.cpp">
      <Filter>Core</Filter>
    </ClCompile>
    <ClCompile Include="Stair.cpp">
      <Filter>Level\2. MapLevel\3. Actor\1. Trigger</Filter>
    </ClCompile>
    <ClCompile Include="InteriorDoor.cpp">
      <Filter>Level\2. MapLevel\3. Actor\1. Trigger</Filter>
    </ClCompile>
    <ClCompile Include="ExteriorDoor.cpp">
      <Filter>Level\2. MapLevel\3. Actor\1. Trigger</Filter>
    </ClCompile>
    <ClCompile Include="BlackScreen.cpp">
      <Filter>2. UI\Fade</Filter>
    </ClCompile>
    <ClCompile Include="FadeScreen.cpp">
      <Filter>2. UI\Fade</Filter>
    </ClCompile>
    <ClCompile Include="Text.cpp">
      <Filter>2. UI\Element</Filter>
    </ClCompile>
    <ClCompile Include="Map.cpp">
      <Filter>Level\2. MapLevel\2. Map</Filter>
    </ClCompile>
    <ClCompile Include="Player.cpp">
      <Filter>Level\2. MapLevel\3. Actor\0. Player</Filter>
    </ClCompile>
    <ClCompile Include="EventTrigger.cpp">
      <Filter>1. Event</Filter>
    </ClCompile>
    <ClCompile Include="EventTarget.cpp">
      <Filter>1. Event</Filter>
    </ClCompile>
    <ClCompile Include="WhiteScreen.cpp">
      <Filter>2. UI\Fade</Filter>
    </ClCompile>
    <ClCompile Include="CurtainScreen.cpp">
      <Filter>2. UI\Fade</Filter>
    </ClCompile>
    <ClCompile Include="MenuWindow.cpp">
      <Filter>2. UI\Window</Filter>
    </ClCompile>
    <ClCompile Include="DialogueWindow.cpp">
      <Filter>2. UI\Window</Filter>
    </ClCompile>
    <ClCompile Include="MapNameWindow.cpp">
      <Filter>2. UI\Window</Filter>
    </ClCompile>
    <ClCompile Include="AnimatedFlower.cpp">
      <Filter>Level\2. MapLevel\4. Tile</Filter>
    </ClCompile>
    <ClCompile Include="AnimatedSea.cpp">
      <Filter>Level\2. MapLevel\4. Tile</Filter>
    </ClCompile>
    <ClCompile Include="Pokemon.cpp">
      <Filter>3. Data\Pokemon</Filter>
    </ClCompile>
    <ClCompile Include="PlayerData.cpp">
      <Filter>3. Data</Filter>
    </ClCompile>
    <ClCompile Include="FadeLevelChanger.cpp">
      <Filter>4. Trigger</Filter>
    </ClCompile>
    <ClCompile Include="ScrollBar.cpp">
      <Filter>2. UI\Element</Filter>
    </ClCompile>
    <ClCompile Include="UIElement.cpp">
      <Filter>2. UI\Element</Filter>
    </ClCompile>
    <ClCompile Include="PokemonUILevel.cpp">
      <Filter>Level\3. PokemonUILevel</Filter>
    </ClCompile>
    <ClCompile Include="PokemonPage.cpp">
      <Filter>Level\3. PokemonUILevel</Filter>
    </ClCompile>
    <ClCompile Include="Cursor.cpp">
      <Filter>2. UI\Element</Filter>
    </ClCompile>
    <ClCompile Include="PokemonElement.cpp">
      <Filter>2. UI\Element</Filter>
    </ClCompile>
    <ClCompile Include="PokemonSummaryPage.cpp">
      <Filter>Level\3. PokemonUILevel\SummaryLevel</Filter>
    </ClCompile>
    <ClCompile Include="PokemonSummaryUILevel.cpp">
      <Filter>Level\3. PokemonUILevel\SummaryLevel</Filter>
    </ClCompile>
    <ClCompile Include="PokemonString.cpp">
      <Filter>0. Util</Filter>
    </ClCompile>
    <ClCompile Include="ImageElement.cpp">
      <Filter>2. UI\Element</Filter>
    </ClCompile>
    <ClCompile Include="TrainerCardUILevel.cpp">
      <Filter>Level\4. TrainerCardUILevel</Filter>
    </ClCompile>
    <ClCompile Include="TrainerCardPage.cpp">
      <Filter>Level\4. TrainerCardUILevel</Filter>
    </ClCompile>
    <ClCompile Include="SoundManager.cpp">
      <Filter>1. Event</Filter>
    </ClCompile>
    <ClCompile Include="PokemonDB.cpp">
      <Filter>3. Data\Pokemon\DB</Filter>
    </ClCompile>
  </ItemGroup>
</Project>