<?xml version="1.0" encoding="utf-8"?>
<Project ToolsVersion="4.0" xmlns="http://schemas.microsoft.com/developer/msbuild/2003">
  <ItemGroup>
    <ClCompile Include="App.cpp" />
    <ClCompile Include="MapEditorCore.cpp">
      <Filter>Core</Filter>
    </ClCompile>
    <ClCompile Include="MainLevel.cpp">
      <Filter>Object\MainLevel</Filter>
    </ClCompile>
    <ClCompile Include="Button.cpp">
      <Filter>Object\MainLevel</Filter>
    </ClCompile>
  </ItemGroup>
  <ItemGroup>
    <Filter Include="Core">
      <UniqueIdentifier>{61ce05b2-a2d1-4baf-81da-682ffca63aeb}</UniqueIdentifier>
    </Filter>
    <Filter Include="Object">
      <UniqueIdentifier>{71e67be9-67e8-450b-b054-52bb0e4960d4}</UniqueIdentifier>
    </Filter>
    <Filter Include="Object\MainLevel">
      <UniqueIdentifier>{1bc6448f-3ea7-41ad-aeff-9176e3112010}</UniqueIdentifier>
    </Filter>
  </ItemGroup>
  <ItemGroup>
    <ClInclude Include="MapEditorCore.h">
      <Filter>Core</Filter>
    </ClInclude>
    <ClInclude Include="MainLevel.h">
      <Filter>Object\MainLevel</Filter>
    </ClInclude>
    <ClInclude Include="Button.h">
      <Filter>Object\MainLevel</Filter>
    </ClInclude>
  </ItemGroup>
</Project>